
Microsoft Visual Studio Solution File, Format Version 12.00
# Visual Studio Version 18
VisualStudioVersion = 18.4.11620.152 stable
MinimumVisualStudioVersion = 10.0.40219.1
Project("{FAE04EC0-301F-11D3-BF4B-00C04F79EFBC}") = "CigralBackend.Api", "CigralBackend.Api.csproj", "{BFDAB7D3-A857-4020-9162-7193AC1462A5}"
EndProject
Project("{FAE04EC0-301F-11D3-BF4B-00C04F79EFBC}") = "CigralBackend.Application", "..\CigralBack.Api\CigralBackend.Application.csproj", "{13751D7A-D73F-412D-A58B-AB0DBC406037}"
EndProject
Project("{FAE04EC0-301F-11D3-BF4B-00C04F79EFBC}") = "CigralBackend.Domain", "..\CigralBackend.Domain\CigralBackend.Domain.csproj", "{A9A21F9D-73FF-4BB9-AB0B-EE6E940BED47}"
EndProject
Project("{FAE04EC0-301F-11D3-BF4B-00C04F79EFBC}") = "CigralBackend.Infraestructure", "..\CigralBackend.Infraestructure\CigralBackend.Infraestructure.csproj", "{CE6F29C7-8B59-449C-A5F1-1D934F1983F7}"
EndProject
Global
	GlobalSection(SolutionConfigurationPlatforms) = preSolution
		Debug|Any CPU = Debug|Any CPU
		Release|Any CPU = Release|Any CPU
	EndGlobalSection
	GlobalSection(ProjectConfigurationPlatforms) = postSolution
		{BFDAB7D3-A857-4020-9162-7193AC1462A5}.Debug|Any CPU.ActiveCfg = Debug|Any CPU
		{BFDAB7D3-A857-4020-9162-7193AC1462A5}.Debug|Any CPU.Build.0 = Debug|Any CPU
		{BFDAB7D3-A857-4020-9162-7193AC1462A5}.Release|Any CPU.ActiveCfg = Release|Any CPU
		{BFDAB7D3-A857-4020-9162-7193AC1462A5}.Release|Any CPU.Build.0 = Release|Any CPU
		{13751D7A-D73F-412D-A58B-AB0DBC406037}.Debug|Any CPU.ActiveCfg = Debug|Any CPU
		{13751D7A-D73F-412D-A58B-AB0DBC406037}.Debug|Any CPU.Build.0 = Debug|Any CPU
		{13751D7A-D73F-412D-A58B-AB0DBC406037}.Release|Any CPU.ActiveCfg = Release|Any CPU
		{13751D7A-D73F-412D-A58B-AB0DBC406037}.Release|Any CPU.Build.0 = Release|Any CPU
		{A9A21F9D-73FF-4BB9-AB0B-EE6E940BED47}.Debug|Any CPU.ActiveCfg = Debug|Any CPU
		{A9A21F9D-73FF-4BB9-AB0B-EE6E940BED47}.Debug|Any CPU.Build.0 = Debug|Any CPU
		{A9A21F9D-73FF-4BB9-AB0B-EE6E940BED47}.Release|Any CPU.ActiveCfg = Release|Any CPU
		{A9A21F9D-73FF-4BB9-AB0B-EE6E940BED47}.Release|Any CPU.Build.0 = Release|Any CPU
		{CE6F29C7-8B59-449C-A5F1-1D934F1983F7}.Debug|Any CPU.ActiveCfg = Debug|Any CPU
		{CE6F29C7-8B59-449C-A5F1-1D934F1983F7}.Debug|Any CPU.Build.0 = Debug|Any CPU
		{CE6F29C7-8B59-449C-A5F1-1D934F1983F7}.Release|Any CPU.ActiveCfg = Release|Any CPU
		{CE6F29C7-8B59-449C-A5F1-1D934F1983F7}.Release|Any CPU.Build.0 = Release|Any CPU
	EndGlobalSection
	GlobalSection(SolutionProperties) = preSolution
		HideSolutionNode = FALSE
	EndGlobalSection
	GlobalSection(ExtensibilityGlobals) = postSolution
		SolutionGuid = {41F3CB5F-821D-430C-8D5C-27B31CC8C755}
	EndGlobalSection
EndGlobal
